
Microsoft Visual Studio Solution File, Format Version 12.00
# Visual Studio 15
VisualStudioVersion = 15.0.27428.1
MinimumVisualStudioVersion = 10.0.40219.1
Project("{9A19103F-16F7-4668-BE54-9A1E7A4F7556}") = "MicroserviceRegistration", "ConsulRegist\MicroserviceRegistration.csproj", "{40455797-10D3-4080-B97F-A7F6DF0C9F9C}"
EndProject
Global
	GlobalSection(SolutionConfigurationPlatforms) = preSolution
		Debug|Any CPU = Debug|Any CPU
		Release|Any CPU = Release|Any CPU
	EndGlobalSection
	GlobalSection(ProjectConfigurationPlatforms) = postSolution
		{40455797-10D3-4080-B97F-A7F6DF0C9F9C}.Debug|Any CPU.ActiveCfg = Debug|Any CPU
		{40455797-10D3-4080-B97F-A7F6DF0C9F9C}.Debug|Any CPU.Build.0 = Debug|Any CPU
		{40455797-10D3-4080-B97F-A7F6DF0C9F9C}.Release|Any CPU.ActiveCfg = Release|Any CPU
		{40455797-10D3-4080-B97F-A7F6DF0C9F9C}.Release|Any CPU.Build.0 = Release|Any CPU
	EndGlobalSection
	GlobalSection(SolutionProperties) = preSolution
		HideSolutionNode = FALSE
	EndGlobalSection
	GlobalSection(ExtensibilityGlobals) = postSolution
		SolutionGuid = {32AB383D-5BED-4D4C-B004-E3FCFBD0463D}
	EndGlobalSection
EndGlobal
